// !$*UTF8*$!
{
	archiveVersion = 1;
	classes = {
	};
	objectVersion = 50;
	objects = {

/* Begin PBXBuildFile section */
		343E4FA0237D545800AD9364 /* AppDelegate.m in Sources */ = {isa = PBXBuildFile; fileRef = 343E4F9F237D545800AD9364 /* AppDelegate.m */; };
		343E4FA3237D545800AD9364 /* SceneDelegate.m in Sources */ = {isa = PBXBuildFile; fileRef = 343E4FA2237D545800AD9364 /* SceneDelegate.m */; };
		343E4FA6237D545800AD9364 /* ViewController.m in Sources */ = {isa = PBXBuildFile; fileRef = 343E4FA5237D545800AD9364 /* ViewController.m */; };
		343E4FA9237D545800AD9364 /* Main.storyboard in Resources */ = {isa = PBXBuildFile; fileRef = 343E4FA7237D545800AD9364 /* Main.storyboard */; };
		343E4FAB237D545C00AD9364 /* Assets.xcassets in Resources */ = {isa = PBXBuildFile; fileRef = 343E4FAA237D545C00AD9364 /* Assets.xcassets */; };
		343E4FAE237D545C00AD9364 /* LaunchScreen.storyboard in Resources */ = {isa = PBXBuildFile; fileRef = 343E4FAC237D545C00AD9364 /* LaunchScreen.storyboard */; };
		343E4FB1237D545C00AD9364 /* main.m in Sources */ = {isa = PBXBuildFile; fileRef = 343E4FB0237D545C00AD9364 /* main.m */; };
		343E4FBB237D545C00AD9364 /* TestForLabelSizeTests.m in Sources */ = {isa = PBXBuildFile; fileRef = 343E4FBA237D545C00AD9364 /* TestForLabelSizeTests.m */; };
		343E4FC6237D545C00AD9364 /* TestForLabelSizeUITests.m in Sources */ = {isa = PBXBuildFile; fileRef = 343E4FC5237D545C00AD9364 /* TestForLabelSizeUITests.m */; };
/* End PBXBuildFile section */

/* Begin PBXContainerItemProxy section */
		343E4FB7237D545C00AD9364 /* PBXContainerItemProxy */ = {
			isa = PBXContainerItemProxy;
			containerPortal = 343E4F93237D545800AD9364 /* Project object */;
			proxyType = 1;
			remoteGlobalIDString = 343E4F9A237D545800AD9364;
			remoteInfo = TestForLabelSize;
		};
		343E4FC2237D545C00AD9364 /* PBXContainerItemProxy */ = {
			isa = PBXContainerItemProxy;
			containerPortal = 343E4F93237D545800AD9364 /* Project object */;
			proxyType = 1;
			remoteGlobalIDString = 343E4F9A237D545800AD9364;
			remoteInfo = TestForLabelSize;
		};
/* End PBXContainerItemProxy section */

/* Begin PBXFileReference section */
		343E4F9B237D545800AD9364 /* TestForLabelSize.app */ = {isa = PBXFileReference; explicitFileType = wrapper.application; includeInIndex = 0; path = TestForLabelSize.app; sourceTree = BUILT_PRODUCTS_DIR; };
		343E4F9E237D545800AD9364 /* AppDelegate.h */ = {isa = PBXFileReference; lastKnownFileType = sourcecode.c.h; path = AppDelegate.h; sourceTree = "<group>"; };
		343E4F9F237D545800AD9364 /* AppDelegate.m */ = {isa = PBXFileReference; lastKnownFileType = sourcecode.c.objc; path = AppDelegate.m; sourceTree = "<group>"; };
		343E4FA1237D545800AD9364 /* SceneDelegate.h */ = {isa = PBXFileReference; lastKnownFileType = sourcecode.c.h; path = SceneDelegate.h; sourceTree = "<group>"; };
		343E4FA2237D545800AD9364 /* SceneDelegate.m */ = {isa = PBXFileReference; lastKnownFileType = sourcecode.c.objc; path = SceneDelegate.m; sourceTree = "<group>"; };
		343E4FA4237D545800AD9364 /* ViewController.h */ = {isa = PBXFileReference; lastKnownFileType = sourcecode.c.h; path = ViewController.h; sourceTree = "<group>"; };
		343E4FA5237D545800AD9364 /* ViewController.m */ = {isa = PBXFileReference; lastKnownFileType = sourcecode.c.objc; path = ViewController.m; sourceTree = "<group>"; };
		343E4FA8237D545800AD9364 /* Base */ = {isa = PBXFileReference; lastKnownFileType = file.storyboard; name = Base; path = Base.lproj/Main.storyboard; sourceTree = "<group>"; };
		343E4FAA237D545C00AD9364 /* Assets.xcassets */ = {isa = PBXFileReference; lastKnownFileType = folder.assetcatalog; path = Assets.xcassets; sourceTree = "<group>"; };
		343E4FAD237D545C00AD9364 /* Base */ = {isa = PBXFileReference; lastKnownFileType = file.storyboard; name = Base; path = Base.lproj/LaunchScreen.storyboard; sourceTree = "<group>"; };
		343E4FAF237D545C00AD9364 /* Info.plist */ = {isa = PBXFileReference; lastKnownFileType = text.plist.xml; path = Info.plist; sourceTree = "<group>"; };
		343E4FB0237D545C00AD9364 /* main.m */ = {isa = PBXFileReference; lastKnownFileType = sourcecode.c.objc; path = main.m; sourceTree = "<group>"; };
		343E4FB6237D545C00AD9364 /* TestForLabelSizeTests.xctest */ = {isa = PBXFileReference; explicitFileType = wrapper.cfbundle; includeInIndex = 0; path = TestForLabelSizeTests.xctest; sourceTree = BUILT_PRODUCTS_DIR; };
		343E4FBA237D545C00AD9364 /* TestForLabelSizeTests.m */ = {isa = PBXFileReference; lastKnownFileType = sourcecode.c.objc; path = TestForLabelSizeTests.m; sourceTree = "<group>"; };
		343E4FBC237D545C00AD9364 /* Info.plist */ = {isa = PBXFileReference; lastKnownFileType = text.plist.xml; path = Info.plist; sourceTree = "<group>"; };
		343E4FC1237D545C00AD9364 /* TestForLabelSizeUITests.xctest */ = {isa = PBXFileReference; explicitFileType = wrapper.cfbundle; includeInIndex = 0; path = TestForLabelSizeUITests.xctest; sourceTree = BUILT_PRODUCTS_DIR; };
		343E4FC5237D545C00AD9364 /* TestForLabelSizeUITests.m */ = {isa = PBXFileReference; lastKnownFileType = sourcecode.c.objc; path = TestForLabelSizeUITests.m; sourceTree = "<group>"; };
		343E4FC7237D545C00AD9364 /* Info.plist */ = {isa = PBXFileReference; lastKnownFileType = text.plist.xml; path = Info.plist; sourceTree = "<group>"; };
/* End PBXFileReference section */

/* Begin PBXFrameworksBuildPhase section */
		343E4F98237D545800AD9364 /* Frameworks */ = {
			isa = PBXFrameworksBuildPhase;
			buildActionMask = 2147483647;
			files = (
			);
			runOnlyForDeploymentPostprocessing = 0;
		};
		343E4FB3237D545C00AD9364 /* Frameworks */ = {
			isa = PBXFrameworksBuildPhase;
			buildActionMask = 2147483647;
			files = (
			);
			runOnlyForDeploymentPostprocessing = 0;
		};
		343E4FBE237D545C00AD9364 /* Frameworks */ = {
			isa = PBXFrameworksBuildPhase;
			buildActionMask = 2147483647;
			files = (
			);
			runOnlyForDeploymentPostprocessing = 0;
		};
/* End PBXFrameworksBuildPhase section */

/* Begin PBXGroup section */
		343E4F92237D545800AD9364 = {
			isa = PBXGroup;
			children = (
				343E4F9D237D545800AD9364 /* TestForLabelSize */,
				343E4FB9237D545C00AD9364 /* TestForLabelSizeTests */,
				343E4FC4237D545C00AD9364 /* TestForLabelSizeUITests */,
				343E4F9C237D545800AD9364 /* Products */,
			);
			sourceTree = "<group>";
		};
		343E4F9C237D545800AD9364 /* Products */ = {
			isa = PBXGroup;
			children = (
				343E4F9B237D545800AD9364 /* TestForLabelSize.app */,
				343E4FB6237D545C00AD9364 /* TestForLabelSizeTests.xctest */,
				343E4FC1237D545C00AD9364 /* TestForLabelSizeUITests.xctest */,
			);
			name = Products;
			sourceTree = "<group>";
		};
		343E4F9D237D545800AD9364 /* TestForLabelSize */ = {
			isa = PBXGroup;
			children = (
				343E4F9E237D545800AD9364 /* AppDelegate.h */,
				343E4F9F237D545800AD9364 /* AppDelegate.m */,
				343E4FA1237D545800AD9364 /* SceneDelegate.h */,
				343E4FA2237D545800AD9364 /* SceneDelegate.m */,
				343E4FA4237D545800AD9364 /* ViewController.h */,
				343E4FA5237D545800AD9364 /* ViewController.m */,
				343E4FA7237D545800AD9364 /* Main.storyboard */,
				343E4FAA237D545C00AD9364 /* Assets.xcassets */,
				343E4FAC237D545C00AD9364 /* LaunchScreen.storyboard */,
				343E4FAF237D545C00AD9364 /* Info.plist */,
				343E4FB0237D545C00AD9364 /* main.m */,
			);
			path = TestForLabelSize;
			sourceTree = "<group>";
		};
		343E4FB9237D545C00AD9364 /* TestForLabelSizeTests */ = {
			isa = PBXGroup;
			children = (
				343E4FBA237D545C00AD9364 /* TestForLabelSizeTests.m */,
				343E4FBC237D545C00AD9364 /* Info.plist */,
			);
			path = TestForLabelSizeTests;
			sourceTree = "<group>";
		};
		343E4FC4237D545C00AD9364 /* TestForLabelSizeUITests */ = {
			isa = PBXGroup;
			children = (
				343E4FC5237D545C00AD9364 /* TestForLabelSizeUITests.m */,
				343E4FC7237D545C00AD9364 /* Info.plist */,
			);
			path = TestForLabelSizeUITests;
			sourceTree = "<group>";
		};
/* End PBXGroup section */

/* Begin PBXNativeTarget section */
		343E4F9A237D545800AD9364 /* TestForLabelSize */ = {
			isa = PBXNativeTarget;
			buildConfigurationList = 343E4FCA237D545C00AD9364 /* Build configuration list for PBXNativeTarget "TestForLabelSize" */;
			buildPhases = (
				343E4F97237D545800AD9364 /* Sources */,
				343E4F98237D545800AD9364 /* Frameworks */,
				343E4F99237D545800AD9364 /* Resources */,
			);
			buildRules = (
			);
			dependencies = (
			);
			name = TestForLabelSize;
			productName = TestForLabelSize;
			productReference = 343E4F9B237D545800AD9364 /* TestForLabelSize.app */;
			productType = "com.apple.product-type.application";
		};
		343E4FB5237D545C00AD9364 /* TestForLabelSizeTests */ = {
			isa = PBXNativeTarget;
			buildConfigurationList = 343E4FCD237D545C00AD9364 /* Build configuration list for PBXNativeTarget "TestForLabelSizeTests" */;
			buildPhases = (
				343E4FB2237D545C00AD9364 /* Sources */,
				343E4FB3237D545C00AD9364 /* Frameworks */,
				343E4FB4237D545C00AD9364 /* Resources */,
			);
			buildRules = (
			);
			dependencies = (
				343E4FB8237D545C00AD9364 /* PBXTargetDependency */,
			);
			name = TestForLabelSizeTests;
			productName = TestForLabelSizeTests;
			productReference = 343E4FB6237D545C00AD9364 /* TestForLabelSizeTests.xctest */;
			productType = "com.apple.product-type.bundle.unit-test";
		};
		343E4FC0237D545C00AD9364 /* TestForLabelSizeUITests */ = {
			isa = PBXNativeTarget;
			buildConfigurationList = 343E4FD0237D545C00AD9364 /* Build configuration list for PBXNativeTarget "TestForLabelSizeUITests" */;
			buildPhases = (
				343E4FBD237D545C00AD9364 /* Sources */,
				343E4FBE237D545C00AD9364 /* Frameworks */,
				343E4FBF237D545C00AD9364 /* Resources */,
			);
			buildRules = (
			);
			dependencies = (
				343E4FC3237D545C00AD9364 /* PBXTargetDependency */,
			);
			name = TestForLabelSizeUITests;
			productName = TestForLabelSizeUITests;
			productReference = 343E4FC1237D545C00AD9364 /* TestForLabelSizeUITests.xctest */;
			productType = "com.apple.product-type.bundle.ui-testing";
		};
/* End PBXNativeTarget section */

/* Begin PBXProject section */
		343E4F93237D545800AD9364 /* Project object */ = {
			isa = PBXProject;
			attributes = {
				LastUpgradeCheck = 1110;
				ORGANIZATIONNAME = Shane;
				TargetAttributes = {
					343E4F9A237D545800AD9364 = {
						CreatedOnToolsVersion = 11.1;
					};
					343E4FB5237D545C00AD9364 = {
						CreatedOnToolsVersion = 11.1;
						TestTargetID = 343E4F9A237D545800AD9364;
					};
					343E4FC0237D545C00AD9364 = {
						CreatedOnToolsVersion = 11.1;
						TestTargetID = 343E4F9A237D545800AD9364;
					};
				};
			};
			buildConfigurationList = 343E4F96237D545800AD9364 /* Build configuration list for PBXProject "TestForLabelSize" */;
			compatibilityVersion = "Xcode 9.3";
			developmentRegion = en;
			hasScannedForEncodings = 0;
			knownRegions = (
				en,
				Base,
			);
			mainGroup = 343E4F92237D545800AD9364;
			productRefGroup = 343E4F9C237D545800AD9364 /* Products */;
			projectDirPath = "";
			projectRoot = "";
			targets = (
				343E4F9A237D545800AD9364 /* TestForLabelSize */,
				343E4FB5237D545C00AD9364 /* TestForLabelSizeTests */,
				343E4FC0237D545C00AD9364 /* TestForLabelSizeUITests */,
			);
		};
/* End PBXProject section */

/* Begin PBXResourcesBuildPhase section */
		343E4F99237D545800AD9364 /* Resources */ = {
			isa = PBXResourcesBuildPhase;
			buildActionMask = 2147483647;
			files = (
				343E4FAE237D545C00AD9364 /* LaunchScreen.storyboard in Resources */,
				343E4FAB237D545C00AD9364 /* Assets.xcassets in Resources */,
				343E4FA9237D545800AD9364 /* Main.storyboard in Resources */,
			);
			runOnlyForDeploymentPostprocessing = 0;
		};
		343E4FB4237D545C00AD9364 /* Resources */ = {
			isa = PBXResourcesBuildPhase;
			buildActionMask = 2147483647;
			files = (
			);
			runOnlyForDeploymentPostprocessing = 0;
		};
		343E4FBF237D545C00AD9364 /* Resources */ = {
			isa = PBXResourcesBuildPhase;
			buildActionMask = 2147483647;
			files = (
			);
			runOnlyForDeploymentPostprocessing = 0;
		};
/* End PBXResourcesBuildPhase section */

/* Begin PBXSourcesBuildPhase section */
		343E4F97237D545800AD9364 /* Sources */ = {
			isa = PBXSourcesBuildPhase;
			buildActionMask = 2147483647;
			files = (
				343E4FA6237D545800AD9364 /* ViewController.m in Sources */,
				343E4FA0237D545800AD9364 /* AppDelegate.m in Sources */,
				343E4FB1237D545C00AD9364 /* main.m in Sources */,
				343E4FA3237D545800AD9364 /* SceneDelegate.m in Sources */,
			);
			runOnlyForDeploymentPostprocessing = 0;
		};
		343E4FB2237D545C00AD9364 /* Sources */ = {
			isa = PBXSourcesBuildPhase;
			buildActionMask = 2147483647;
			files = (
				343E4FBB237D545C00AD9364 /* TestForLabelSizeTests.m in Sources */,
			);
			runOnlyForDeploymentPostprocessing = 0;
		};
		343E4FBD237D545C00AD9364 /* Sources */ = {
			isa = PBXSourcesBuildPhase;
			buildActionMask = 2147483647;
			files = (
				343E4FC6237D545C00AD9364 /* TestForLabelSizeUITests.m in Sources */,
			);
			runOnlyForDeploymentPostprocessing = 0;
		};
/* End PBXSourcesBuildPhase section */

/* Begin PBXTargetDependency section */
		343E4FB8237D545C00AD9364 /* PBXTargetDependency */ = {
			isa = PBXTargetDependency;
			target = 343E4F9A237D545800AD9364 /* TestForLabelSize */;
			targetProxy = 343E4FB7237D545C00AD9364 /* PBXContainerItemProxy */;
		};
		343E4FC3237D545C00AD9364 /* PBXTargetDependency */ = {
			isa = PBXTargetDependency;
			target = 343E4F9A237D545800AD9364 /* TestForLabelSize */;
			targetProxy = 343E4FC2237D545C00AD9364 /* PBXContainerItemProxy */;
		};
/* End PBXTargetDependency section */

/* Begin PBXVariantGroup section */
		343E4FA7237D545800AD9364 /* Main.storyboard */ = {
			isa = PBXVariantGroup;
			children = (
				343E4FA8237D545800AD9364 /* Base */,
			);
			name = Main.storyboard;
			sourceTree = "<group>";
		};
		343E4FAC237D545C00AD9364 /* LaunchScreen.storyboard */ = {
			isa = PBXVariantGroup;
			children = (
				343E4FAD237D545C00AD9364 /* Base */,
			);
			name = LaunchScreen.storyboard;
			sourceTree = "<group>";
		};
/* End PBXVariantGroup section */

/* Begin XCBuildConfiguration section */
		343E4FC8237D545C00AD9364 /* Debug */ = {
			isa = XCBuildConfiguration;
			buildSettings = {
				ALWAYS_SEARCH_USER_PATHS = NO;
				CLANG_ANALYZER_NONNULL = YES;
				CLANG_ANALYZER_NUMBER_OBJECT_CONVERSION = YES_AGGRESSIVE;
				CLANG_CXX_LANGUAGE_STANDARD = "gnu++14";
				CLANG_CXX_LIBRARY = "libc++";
				CLANG_ENABLE_MODULES = YES;
				CLANG_ENABLE_OBJC_ARC = YES;
				CLANG_ENABLE_OBJC_WEAK = YES;
				CLANG_WARN_BLOCK_CAPTURE_AUTORELEASING = YES;
				CLANG_WARN_BOOL_CONVERSION = YES;
				CLANG_WARN_COMMA = YES;
				CLANG_WARN_CONSTANT_CONVERSION = YES;
				CLANG_WARN_DEPRECATED_OBJC_IMPLEMENTATIONS = YES;
				CLANG_WARN_DIRECT_OBJC_ISA_USAGE = YES_ERROR;
				CLANG_WARN_DOCUMENTATION_COMMENTS = YES;
				CLANG_WARN_EMPTY_BODY = YES;
				CLANG_WARN_ENUM_CONVERSION = YES;
				CLANG_WARN_INFINITE_RECURSION = YES;
				CLANG_WARN_INT_CONVERSION = YES;
				CLANG_WARN_NON_LITERAL_NULL_CONVERSION = YES;
				CLANG_WARN_OBJC_IMPLICIT_RETAIN_SELF = YES;
				CLANG_WARN_OBJC_LITERAL_CONVERSION = YES;
				CLANG_WARN_OBJC_ROOT_CLASS = YES_ERROR;
				CLANG_WARN_RANGE_LOOP_ANALYSIS = YES;
				CLANG_WARN_STRICT_PROTOTYPES = YES;
				CLANG_WARN_SUSPICIOUS_MOVE = YES;
				CLANG_WARN_UNGUARDED_AVAILABILITY = YES_AGGRESSIVE;
				CLANG_WARN_UNREACHABLE_CODE = YES;
				CLANG_WARN__DUPLICATE_METHOD_MATCH = YES;
				COPY_PHASE_STRIP = NO;
				DEBUG_INFORMATION_FORMAT = dwarf;
				ENABLE_STRICT_OBJC_MSGSEND = YES;
				ENABLE_TESTABILITY = YES;
				GCC_C_LANGUAGE_STANDARD = gnu11;
				GCC_DYNAMIC_NO_PIC = NO;
				GCC_NO_COMMON_BLOCKS = YES;
				GCC_OPTIMIZATION_LEVEL = 0;
				GCC_PREPROCESSOR_DEFINITIONS = (
					"DEBUG=1",
					"$(inherited)",
				);
				GCC_WARN_64_TO_32_BIT_CONVERSION = YES;
				GCC_WARN_ABOUT_RETURN_TYPE = YES_ERROR;
				GCC_WARN_UNDECLARED_SELECTOR = YES;
				GCC_WARN_UNINITIALIZED_AUTOS = YES_AGGRESSIVE;
				GCC_WARN_UNUSED_FUNCTION = YES;
				GCC_WARN_UNUSED_VARIABLE = YES;
				IPHONEOS_DEPLOYMENT_TARGET = 13.1;
				MTL_ENABLE_DEBUG_INFO = INCLUDE_SOURCE;
				MTL_FAST_MATH = YES;
				ONLY_ACTIVE_ARCH = YES;
				SDKROOT = iphoneos;
			};
			name = Debug;
		};
		343E4FC9237D545C00AD9364 /* Release */ = {
			isa = XCBuildConfiguration;
			buildSettings = {
				ALWAYS_SEARCH_USER_PATHS = NO;
				CLANG_ANALYZER_NONNULL = YES;
				CLANG_ANALYZER_NUMBER_OBJECT_CONVERSION = YES_AGGRESSIVE;
				CLANG_CXX_LANGUAGE_STANDARD = "gnu++14";
				CLANG_CXX_LIBRARY = "libc++";
				CLANG_ENABLE_MODULES = YES;
				CLANG_ENABLE_OBJC_ARC = YES;
				CLANG_ENABLE_OBJC_WEAK = YES;
				CLANG_WARN_BLOCK_CAPTURE_AUTORELEASING = YES;
				CLANG_WARN_BOOL_CONVERSION = YES;
				CLANG_WARN_COMMA = YES;
				CLANG_WARN_CONSTANT_CONVERSION = YES;
				CLANG_WARN_DEPRECATED_OBJC_IMPLEMENTATIONS = YES;
				CLANG_WARN_DIRECT_OBJC_ISA_USAGE = YES_ERROR;
				CLANG_WARN_DOCUMENTATION_COMMENTS = YES;
				CLANG_WARN_EMPTY_BODY = YES;
				CLANG_WARN_ENUM_CONVERSION = YES;
				CLANG_WARN_INFINITE_RECURSION = YES;
				CLANG_WARN_INT_CONVERSION = YES;
				CLANG_WARN_NON_LITERAL_NULL_CONVERSION = YES;
				CLANG_WARN_OBJC_IMPLICIT_RETAIN_SELF = YES;
				CLANG_WARN_OBJC_LITERAL_CONVERSION = YES;
				CLANG_WARN_OBJC_ROOT_CLASS = YES_ERROR;
				CLANG_WARN_RANGE_LOOP_ANALYSIS = YES;
				CLANG_WARN_STRICT_PROTOTYPES = YES;
				CLANG_WARN_SUSPICIOUS_MOVE = YES;
				CLANG_WARN_UNGUARDED_AVAILABILITY = YES_AGGRESSIVE;
				CLANG_WARN_UNREACHABLE_CODE = YES;
				CLANG_WARN__DUPLICATE_METHOD_MATCH = YES;
				COPY_PHASE_STRIP = NO;
				DEBUG_INFORMATION_FORMAT = "dwarf-with-dsym";
				ENABLE_NS_ASSERTIONS = NO;
				ENABLE_STRICT_OBJC_MSGSEND = YES;
				GCC_C_LANGUAGE_STANDARD = gnu11;
				GCC_NO_COMMON_BLOCKS = YES;
				GCC_WARN_64_TO_32_BIT_CONVERSION = YES;
				GCC_WARN_ABOUT_RETURN_TYPE = YES_ERROR;
				GCC_WARN_UNDECLARED_SELECTOR = YES;
				GCC_WARN_UNINITIALIZED_AUTOS = YES_AGGRESSIVE;
				GCC_WARN_UNUSED_FUNCTION = YES;
				GCC_WARN_UNUSED_VARIABLE = YES;
				IPHONEOS_DEPLOYMENT_TARGET = 13.1;
				MTL_ENABLE_DEBUG_INFO = NO;
				MTL_FAST_MATH = YES;
				SDKROOT = iphoneos;
				VALIDATE_PRODUCT = YES;
			};
			name = Release;
		};
		343E4FCB237D545C00AD9364 /* Debug */ = {
			isa = XCBuildConfiguration;
			buildSettings = {
				ASSETCATALOG_COMPILER_APPICON_NAME = AppIcon;
				CODE_SIGN_STYLE = Automatic;
				INFOPLIST_FILE = TestForLabelSize/Info.plist;
				LD_RUNPATH_SEARCH_PATHS = (
					"$(inherited)",
					"@executable_path/Frameworks",
				);
				PRODUCT_BUNDLE_IDENTIFIER = com.yiketalks.TestForLabelSize;
				PRODUCT_NAME = "$(TARGET_NAME)";
				TARGETED_DEVICE_FAMILY = "1,2";
			};
			name = Debug;
		};
		343E4FCC237D545C00AD9364 /* Release */ = {
			isa = XCBuildConfiguration;
			buildSettings = {
				ASSETCATALOG_COMPILER_APPICON_NAME = AppIcon;
				CODE_SIGN_STYLE = Automatic;
				INFOPLIST_FILE = TestForLabelSize/Info.plist;
				LD_RUNPATH_SEARCH_PATHS = (
					"$(inherited)",
					"@executable_path/Frameworks",
				);
				PRODUCT_BUNDLE_IDENTIFIER = com.yiketalks.TestForLabelSize;
				PRODUCT_NAME = "$(TARGET_NAME)";
				TARGETED_DEVICE_FAMILY = "1,2";
			};
			name = Release;
		};
		343E4FCE237D545C00AD9364 /* Debug */ = {
			isa = XCBuildConfiguration;
			buildSettings = {
				BUNDLE_LOADER = "$(TEST_HOST)";
				CODE_SIGN_STYLE = Automatic;
				INFOPLIST_FILE = TestForLabelSizeTests/Info.plist;
				IPHONEOS_DEPLOYMENT_TARGET = 13.1;
				LD_RUNPATH_SEARCH_PATHS = (
					"$(inherited)",
					"@executable_path/Frameworks",
					"@loader_path/Frameworks",
				);
				PRODUCT_BUNDLE_IDENTIFIER = com.yiketalks.TestForLabelSizeTests;
				PRODUCT_NAME = "$(TARGET_NAME)";
				TARGETED_DEVICE_FAMILY = "1,2";
				TEST_HOST = "$(BUILT_PRODUCTS_DIR)/TestForLabelSize.app/TestForLabelSize";
			};
			name = Debug;
		};
		343E4FCF237D545C00AD9364 /* Release */ = {
			isa = XCBuildConfiguration;
			buildSettings = {
				BUNDLE_LOADER = "$(TEST_HOST)";
				CODE_SIGN_STYLE = Automatic;
				INFOPLIST_FILE = TestForLabelSizeTests/Info.plist;
				IPHONEOS_DEPLOYMENT_TARGET = 13.1;
				LD_RUNPATH_SEARCH_PATHS = (
					"$(inherited)",
					"@executable_path/Frameworks",
					"@loader_path/Frameworks",
				);
				PRODUCT_BUNDLE_IDENTIFIER = com.yiketalks.TestForLabelSizeTests;
				PRODUCT_NAME = "$(TARGET_NAME)";
				TARGETED_DEVICE_FAMILY = "1,2";
				TEST_HOST = "$(BUILT_PRODUCTS_DIR)/TestForLabelSize.app/TestForLabelSize";
			};
			name = Release;
		};
		343E4FD1237D545C00AD9364 /* Debug */ = {
			isa = XCBuildConfiguration;
			buildSettings = {
				CODE_SIGN_STYLE = Automatic;
				INFOPLIST_FILE = TestForLabelSizeUITests/Info.plist;
				LD_RUNPATH_SEARCH_PATHS = (
					"$(inherited)",
					"@executable_path/Frameworks",
					"@loader_path/Frameworks",
				);
				PRODUCT_BUNDLE_IDENTIFIER = com.yiketalks.TestForLabelSizeUITests;
				PRODUCT_NAME = "$(TARGET_NAME)";
				TARGETED_DEVICE_FAMILY = "1,2";
				TEST_TARGET_NAME = TestForLabelSize;
			};
			name = Debug;
		};
		343E4FD2237D545C00AD9364 /* Release */ = {
			isa = XCBuildConfiguration;
			buildSettings = {
				CODE_SIGN_STYLE = Automatic;
				INFOPLIST_FILE = TestForLabelSizeUITests/Info.plist;
				LD_RUNPATH_SEARCH_PATHS = (
					"$(inherited)",
					"@executable_path/Frameworks",
					"@loader_path/Frameworks",
				);
				PRODUCT_BUNDLE_IDENTIFIER = com.yiketalks.TestForLabelSizeUITests;
				PRODUCT_NAME = "$(TARGET_NAME)";
				TARGETED_DEVICE_FAMILY = "1,2";
				TEST_TARGET_NAME = TestForLabelSize;
			};
			name = Release;
		};
/* End XCBuildConfiguration section */

/* Begin XCConfigurationList section */
		343E4F96237D545800AD9364 /* Build configuration list for PBXProject "TestForLabelSize" */ = {
			isa = XCConfigurationList;
			buildConfigurations = (
				343E4FC8237D545C00AD9364 /* Debug */,
				343E4FC9237D545C00AD9364 /* Release */,
			);
			defaultConfigurationIsVisible = 0;
			defaultConfigurationName = Release;
		};
		343E4FCA237D545C00AD9364 /* Build configuration list for PBXNativeTarget "TestForLabelSize" */ = {
			isa = XCConfigurationList;
			buildConfigurations = (
				343E4FCB237D545C00AD9364 /* Debug */,
				343E4FCC237D545C00AD9364 /* Release */,
			);
			defaultConfigurationIsVisible = 0;
			defaultConfigurationName = Release;
		};
		343E4FCD237D545C00AD9364 /* Build configuration list for PBXNativeTarget "TestForLabelSizeTests" */ = {
			isa = XCConfigurationList;
			buildConfigurations = (
				343E4FCE237D545C00AD9364 /* Debug */,
				343E4FCF237D545C00AD9364 /* Release */,
			);
			defaultConfigurationIsVisible = 0;
			defaultConfigurationName = Release;
		};
		343E4FD0237D545C00AD9364 /* Build configuration list for PBXNativeTarget "TestForLabelSizeUITests" */ = {
			isa = XCConfigurationList;
			buildConfigurations = (
				343E4FD1237D545C00AD9364 /* Debug */,
				343E4FD2237D545C00AD9364 /* Release */,
			);
			defaultConfigurationIsVisible = 0;
			defaultConfigurationName = Release;
		};
/* End XCConfigurationList section */
	};
	rootObject = 343E4F93237D545800AD9364 /* Project object */;
}
